
Microsoft Visual Studio Solution File, Format Version 12.00
# Visual Studio Version 16
VisualStudioVersion = 16.0.31005.135
MinimumVisualStudioVersion = 15.0.26124.0
Project("{9A19103F-16F7-4668-BE54-9A1E7A4F7556}") = "API", "API\API.csproj", "{6B9D0DFC-7560-4383-8C96-739F9405DBB8}"
EndProject
Project("{FAE04EC0-301F-11D3-BF4B-00C04F79EFBC}") = "API.Data", "API.Data\API.Data.csproj", "{6F5992EA-FB3A-460B-BCCC-5894E60CF498}"
EndProject
Global
	GlobalSection(SolutionConfigurationPlatforms) = preSolution
		Debug|Any CPU = Debug|Any CPU
		Debug|x64 = Debug|x64
		Debug|x86 = Debug|x86
		Release|Any CPU = Release|Any CPU
		Release|x64 = Release|x64
		Release|x86 = Release|x86
	EndGlobalSection
	GlobalSection(ProjectConfigurationPlatforms) = postSolution
		{6B9D0DFC-7560-4383-8C96-739F9405DBB8}.Debug|Any CPU.ActiveCfg = Debug|Any CPU
		{6B9D0DFC-7560-4383-8C96-739F9405DBB8}.Debug|Any CPU.Build.0 = Debug|Any CPU
		{6B9D0DFC-7560-4383-8C96-739F9405DBB8}.Debug|x64.ActiveCfg = Debug|Any CPU
		{6B9D0DFC-7560-4383-8C96-739F9405DBB8}.Debug|x64.Build.0 = Debug|Any CPU
		{6B9D0DFC-7560-4383-8C96-739F9405DBB8}.Debug|x86.ActiveCfg = Debug|Any CPU
		{6B9D0DFC-7560-4383-8C96-739F9405DBB8}.Debug|x86.Build.0 = Debug|Any CPU
		{6B9D0DFC-7560-4383-8C96-739F9405DBB8}.Release|Any CPU.ActiveCfg = Release|Any CPU
		{6B9D0DFC-7560-4383-8C96-739F9405DBB8}.Release|Any CPU.Build.0 = Release|Any CPU
		{6B9D0DFC-7560-4383-8C96-739F9405DBB8}.Release|x64.ActiveCfg = Release|Any CPU
		{6B9D0DFC-7560-4383-8C96-739F9405DBB8}.Release|x64.Build.0 = Release|Any CPU
		{6B9D0DFC-7560-4383-8C96-739F9405DBB8}.Release|x86.ActiveCfg = Release|Any CPU
		{6B9D0DFC-7560-4383-8C96-739F9405DBB8}.Release|x86.Build.0 = Release|Any CPU
		{6F5992EA-FB3A-460B-BCCC-5894E60CF498}.Debug|Any CPU.ActiveCfg = Debug|Any CPU
		{6F5992EA-FB3A-460B-BCCC-5894E60CF498}.Debug|Any CPU.Build.0 = Debug|Any CPU
		{6F5992EA-FB3A-460B-BCCC-5894E60CF498}.Debug|x64.ActiveCfg = Debug|Any CPU
		{6F5992EA-FB3A-460B-BCCC-5894E60CF498}.Debug|x64.Build.0 = Debug|Any CPU
		{6F5992EA-FB3A-460B-BCCC-5894E60CF498}.Debug|x86.ActiveCfg = Debug|Any CPU
		{6F5992EA-FB3A-460B-BCCC-5894E60CF498}.Debug|x86.Build.0 = Debug|Any CPU
		{6F5992EA-FB3A-460B-BCCC-5894E60CF498}.Release|Any CPU.ActiveCfg = Release|Any CPU
		{6F5992EA-FB3A-460B-BCCC-5894E60CF498}.Release|Any CPU.Build.0 = Release|Any CPU
		{6F5992EA-FB3A-460B-BCCC-5894E60CF498}.Release|x64.ActiveCfg = Release|Any CPU
		{6F5992EA-FB3A-460B-BCCC-5894E60CF498}.Release|x64.Build.0 = Release|Any CPU
		{6F5992EA-FB3A-460B-BCCC-5894E60CF498}.Release|x86.ActiveCfg = Release|Any CPU
		{6F5992EA-FB3A-460B-BCCC-5894E60CF498}.Release|x86.Build.0 = Release|Any CPU
	EndGlobalSection
	GlobalSection(SolutionProperties) = preSolution
		HideSolutionNode = FALSE
	EndGlobalSection
	GlobalSection(ExtensibilityGlobals) = postSolution
		SolutionGuid = {B0E12408-B09F-4845-BB36-D35938829CF9}
	EndGlobalSection
EndGlobal
